# THIS IS AN AUTOGENERATED FILE. DO NOT EDIT THIS FILE DIRECTLY.
# yarn lockfile v1


set-promise-interval@^1.0.2:
  version "1.0.2"
  resolved "https://registry.yarnpkg.com/set-promise-interval/-/set-promise-interval-1.0.2.tgz#9a45d4dd608c62e1dd560e28cff2375c7708b6ac"
  integrity sha512-s7EylxOLlqahgCAMHhjeZGwQNZUYTX9iy6qSL7qG7dc6uVgMhe9SJJNPUHf1Qf1yn3Bxru65t3iqr09+dcNyaA==

typescript@^3.5.3:
  version "3.5.3"
  resolved "https://registry.yarnpkg.com/typescript/-/typescript-3.5.3.tgz#c830f657f93f1ea846819e929092f5fe5983e977"
  integrity sha512-ACzBtm/PhXBDId6a6sDJfroT2pOWt/oOnk4/dElG5G33ZL776N3Y6/6bKZJBFpd+b05F3Ct9qDjMeJmRWtE2/g==
