# THIS IS AN AUTOGENERATED FILE. DO NOT EDIT THIS FILE DIRECTLY.
# yarn lockfile v1


set-promise-interval@^1.0.7:
  version "1.0.7"
  resolved "https://registry.yarnpkg.com/set-promise-interval/-/set-promise-interval-1.0.7.tgz#a4ddb6251b6386f0397453b8375e1d5c1137ee3e"
  integrity sha512-qAUp21XfhJwJlcc21uFd1/1HFoD4yC742xIkEEtCs7OO3w5Nv4zO7Y5HYHyEC16Qhnc8lz7AhSTmTEExRqQuWA==

typescript@^3.5.3:
  version "3.5.3"
  resolved "https://registry.yarnpkg.com/typescript/-/typescript-3.5.3.tgz#c830f657f93f1ea846819e929092f5fe5983e977"
  integrity sha512-ACzBtm/PhXBDId6a6sDJfroT2pOWt/oOnk4/dElG5G33ZL776N3Y6/6bKZJBFpd+b05F3Ct9qDjMeJmRWtE2/g==
